# This file is automatically @generated by Cargo.
# It is not intended for manual editing.
version = 4

[[package]]
name = "flor"
version = "0.1.0"
dependencies = [
 "husky-rs",
]

[[package]]
name = "husky-rs"
version = "0.3.2"
source = "registry+https://github.com/rust-lang/crates.io-index"
checksum = "62b00c51c8ea1f7e8d93caaf071948f766eb331cd55cb9871096614c9291642e"
